
Microsoft Visual Studio Solution File, Format Version 12.00
# Visual Studio 2012
Project("{FAE04EC0-301F-11D3-BF4B-00C04F79EFBC}") = "CodeDojoCorrida", "CodeDojoCorrida\CodeDojoCorrida.csproj", "{AE03487E-9DD7-46C9-8EA0-D4D544C1DA7E}"
EndProject
Global
	GlobalSection(SolutionConfigurationPlatforms) = preSolution
		Debug|Any CPU = Debug|Any CPU
		Release|Any CPU = Release|Any CPU
	EndGlobalSection
	GlobalSection(ProjectConfigurationPlatforms) = postSolution
		{AE03487E-9DD7-46C9-8EA0-D4D544C1DA7E}.Debug|Any CPU.ActiveCfg = Debug|Any CPU
		{AE03487E-9DD7-46C9-8EA0-D4D544C1DA7E}.Debug|Any CPU.Build.0 = Debug|Any CPU
		{AE03487E-9DD7-46C9-8EA0-D4D544C1DA7E}.Release|Any CPU.ActiveCfg = Release|Any CPU
		{AE03487E-9DD7-46C9-8EA0-D4D544C1DA7E}.Release|Any CPU.Build.0 = Release|Any CPU
	EndGlobalSection
EndGlobal
